
Microsoft Visual Studio Solution File, Format Version 12.00
Project("{FAE04EC0-301F-11D3-BF4B-00C04F79EFBC}") = "FakerApiTest", "FakerApiTest\FakerApiTest.csproj", "{75208422-6E6C-48CF-8C8E-79B2CB66AEBB}"
EndProject
Global
	GlobalSection(SolutionConfigurationPlatforms) = preSolution
		Debug|Any CPU = Debug|Any CPU
		Release|Any CPU = Release|Any CPU
	EndGlobalSection
	GlobalSection(ProjectConfigurationPlatforms) = postSolution
		{75208422-6E6C-48CF-8C8E-79B2CB66AEBB}.Debug|Any CPU.ActiveCfg = Debug|Any CPU
		{75208422-6E6C-48CF-8C8E-79B2CB66AEBB}.Debug|Any CPU.Build.0 = Debug|Any CPU
		{75208422-6E6C-48CF-8C8E-79B2CB66AEBB}.Release|Any CPU.ActiveCfg = Release|Any CPU
		{75208422-6E6C-48CF-8C8E-79B2CB66AEBB}.Release|Any CPU.Build.0 = Release|Any CPU
	EndGlobalSection
EndGlobal
